
Microsoft Visual Studio Solution File, Format Version 12.00
# Visual Studio 2013
VisualStudioVersion = 12.0.21005.1
MinimumVisualStudioVersion = 10.0.40219.1
Project("{FAE04EC0-301F-11D3-BF4B-00C04F79EFBC}") = "Test", "Test\Test.csproj", "{DDEDC2A2-EA03-446B-8F97-1020A040910F}"
EndProject
Project("{FAE04EC0-301F-11D3-BF4B-00C04F79EFBC}") = "AboutBox", "AboutBox\AboutBox.csproj", "{146C9A2A-A3E4-4F8C-AD0A-C86FF80DEA5F}"
EndProject
Global
	GlobalSection(SolutionConfigurationPlatforms) = preSolution
		Debug|Any CPU = Debug|Any CPU
		Release|Any CPU = Release|Any CPU
	EndGlobalSection
	GlobalSection(ProjectConfigurationPlatforms) = postSolution
		{DDEDC2A2-EA03-446B-8F97-1020A040910F}.Debug|Any CPU.ActiveCfg = Debug|Any CPU
		{DDEDC2A2-EA03-446B-8F97-1020A040910F}.Debug|Any CPU.Build.0 = Debug|Any CPU
		{DDEDC2A2-EA03-446B-8F97-1020A040910F}.Release|Any CPU.ActiveCfg = Release|Any CPU
		{DDEDC2A2-EA03-446B-8F97-1020A040910F}.Release|Any CPU.Build.0 = Release|Any CPU
		{146C9A2A-A3E4-4F8C-AD0A-C86FF80DEA5F}.Debug|Any CPU.ActiveCfg = Debug|Any CPU
		{146C9A2A-A3E4-4F8C-AD0A-C86FF80DEA5F}.Debug|Any CPU.Build.0 = Debug|Any CPU
		{146C9A2A-A3E4-4F8C-AD0A-C86FF80DEA5F}.Release|Any CPU.ActiveCfg = Release|Any CPU
		{146C9A2A-A3E4-4F8C-AD0A-C86FF80DEA5F}.Release|Any CPU.Build.0 = Release|Any CPU
	EndGlobalSection
	GlobalSection(SolutionProperties) = preSolution
		HideSolutionNode = FALSE
	EndGlobalSection
EndGlobal
